
Microsoft Visual Studio Solution File, Format Version 12.00
# Visual Studio Version 17
VisualStudioVersion = 17.9.34728.123
MinimumVisualStudioVersion = 10.0.40219.1
Project("{FAE04EC0-301F-11D3-BF4B-00C04F79EFBC}") = "DrinkShopV3ConsoleAppCodeFirst", "DrinkShopV3ConsoleAppCodeFirst\DrinkShopV3ConsoleAppCodeFirst.csproj", "{A553BAFF-3A4A-4415-9DE4-C6A54CD0D2CE}"
EndProject
Global
	GlobalSection(SolutionConfigurationPlatforms) = preSolution
		Debug|Any CPU = Debug|Any CPU
		Release|Any CPU = Release|Any CPU
	EndGlobalSection
	GlobalSection(ProjectConfigurationPlatforms) = postSolution
		{A553BAFF-3A4A-4415-9DE4-C6A54CD0D2CE}.Debug|Any CPU.ActiveCfg = Debug|Any CPU
		{A553BAFF-3A4A-4415-9DE4-C6A54CD0D2CE}.Debug|Any CPU.Build.0 = Debug|Any CPU
		{A553BAFF-3A4A-4415-9DE4-C6A54CD0D2CE}.Release|Any CPU.ActiveCfg = Release|Any CPU
		{A553BAFF-3A4A-4415-9DE4-C6A54CD0D2CE}.Release|Any CPU.Build.0 = Release|Any CPU
	EndGlobalSection
	GlobalSection(SolutionProperties) = preSolution
		HideSolutionNode = FALSE
	EndGlobalSection
	GlobalSection(ExtensibilityGlobals) = postSolution
		SolutionGuid = {F0455CAA-78CF-4FFD-9BEE-48EFEAB81951}
	EndGlobalSection
EndGlobal
